
Microsoft Visual Studio Solution File, Format Version 12.00
# Visual Studio Version 16
VisualStudioVersion = 16.0.29503.13
MinimumVisualStudioVersion = 10.0.40219.1
Project("{FAE04EC0-301F-11D3-BF4B-00C04F79EFBC}") = "GroupingExample.Android", "GroupingExample\GroupingExample.Android\GroupingExample.Android.csproj", "{7F4D2F19-812E-4C94-95D4-09AC534AB321}"
EndProject
Project("{FAE04EC0-301F-11D3-BF4B-00C04F79EFBC}") = "GroupingExample.iOS", "GroupingExample\GroupingExample.iOS\GroupingExample.iOS.csproj", "{113D26DC-0E8F-4C8D-93A0-D06D58FB8176}"
EndProject
Project("{FAE04EC0-301F-11D3-BF4B-00C04F79EFBC}") = "GroupingExample", "GroupingExample\GroupingExample\GroupingExample.csproj", "{CDB6C3F5-C187-451B-A433-66E06F22A84C}"
EndProject
Global
	GlobalSection(SolutionConfigurationPlatforms) = preSolution
		Debug|Any CPU = Debug|Any CPU
		Debug|iPhone = Debug|iPhone
		Debug|iPhoneSimulator = Debug|iPhoneSimulator
		Release|Any CPU = Release|Any CPU
		Release|iPhone = Release|iPhone
		Release|iPhoneSimulator = Release|iPhoneSimulator
	EndGlobalSection
	GlobalSection(ProjectConfigurationPlatforms) = postSolution
		{7F4D2F19-812E-4C94-95D4-09AC534AB321}.Debug|Any CPU.ActiveCfg = Debug|Any CPU
		{7F4D2F19-812E-4C94-95D4-09AC534AB321}.Debug|Any CPU.Build.0 = Debug|Any CPU
		{7F4D2F19-812E-4C94-95D4-09AC534AB321}.Debug|Any CPU.Deploy.0 = Debug|Any CPU
		{7F4D2F19-812E-4C94-95D4-09AC534AB321}.Debug|iPhone.ActiveCfg = Debug|Any CPU
		{7F4D2F19-812E-4C94-95D4-09AC534AB321}.Debug|iPhone.Build.0 = Debug|Any CPU
		{7F4D2F19-812E-4C94-95D4-09AC534AB321}.Debug|iPhone.Deploy.0 = Debug|Any CPU
		{7F4D2F19-812E-4C94-95D4-09AC534AB321}.Debug|iPhoneSimulator.ActiveCfg = Debug|Any CPU
		{7F4D2F19-812E-4C94-95D4-09AC534AB321}.Debug|iPhoneSimulator.Build.0 = Debug|Any CPU
		{7F4D2F19-812E-4C94-95D4-09AC534AB321}.Debug|iPhoneSimulator.Deploy.0 = Debug|Any CPU
		{7F4D2F19-812E-4C94-95D4-09AC534AB321}.Release|Any CPU.ActiveCfg = Release|Any CPU
		{7F4D2F19-812E-4C94-95D4-09AC534AB321}.Release|Any CPU.Build.0 = Release|Any CPU
		{7F4D2F19-812E-4C94-95D4-09AC534AB321}.Release|Any CPU.Deploy.0 = Release|Any CPU
		{7F4D2F19-812E-4C94-95D4-09AC534AB321}.Release|iPhone.ActiveCfg = Release|Any CPU
		{7F4D2F19-812E-4C94-95D4-09AC534AB321}.Release|iPhone.Build.0 = Release|Any CPU
		{7F4D2F19-812E-4C94-95D4-09AC534AB321}.Release|iPhone.Deploy.0 = Release|Any CPU
		{7F4D2F19-812E-4C94-95D4-09AC534AB321}.Release|iPhoneSimulator.ActiveCfg = Release|Any CPU
		{7F4D2F19-812E-4C94-95D4-09AC534AB321}.Release|iPhoneSimulator.Build.0 = Release|Any CPU
		{7F4D2F19-812E-4C94-95D4-09AC534AB321}.Release|iPhoneSimulator.Deploy.0 = Release|Any CPU
		{113D26DC-0E8F-4C8D-93A0-D06D58FB8176}.Debug|Any CPU.ActiveCfg = Debug|iPhoneSimulator
		{113D26DC-0E8F-4C8D-93A0-D06D58FB8176}.Debug|Any CPU.Build.0 = Debug|iPhoneSimulator
		{113D26DC-0E8F-4C8D-93A0-D06D58FB8176}.Debug|Any CPU.Deploy.0 = Debug|iPhoneSimulator
		{113D26DC-0E8F-4C8D-93A0-D06D58FB8176}.Debug|iPhone.ActiveCfg = Debug|iPhone
		{113D26DC-0E8F-4C8D-93A0-D06D58FB8176}.Debug|iPhone.Build.0 = Debug|iPhone
		{113D26DC-0E8F-4C8D-93A0-D06D58FB8176}.Debug|iPhone.Deploy.0 = Debug|iPhone
		{113D26DC-0E8F-4C8D-93A0-D06D58FB8176}.Debug|iPhoneSimulator.ActiveCfg = Debug|iPhoneSimulator
		{113D26DC-0E8F-4C8D-93A0-D06D58FB8176}.Debug|iPhoneSimulator.Build.0 = Debug|iPhoneSimulator
		{113D26DC-0E8F-4C8D-93A0-D06D58FB8176}.Debug|iPhoneSimulator.Deploy.0 = Debug|iPhoneSimulator
		{113D26DC-0E8F-4C8D-93A0-D06D58FB8176}.Release|Any CPU.ActiveCfg = Release|iPhone
		{113D26DC-0E8F-4C8D-93A0-D06D58FB8176}.Release|Any CPU.Build.0 = Release|iPhone
		{113D26DC-0E8F-4C8D-93A0-D06D58FB8176}.Release|Any CPU.Deploy.0 = Release|iPhone
		{113D26DC-0E8F-4C8D-93A0-D06D58FB8176}.Release|iPhone.ActiveCfg = Release|iPhone
		{113D26DC-0E8F-4C8D-93A0-D06D58FB8176}.Release|iPhone.Build.0 = Release|iPhone
		{113D26DC-0E8F-4C8D-93A0-D06D58FB8176}.Release|iPhone.Deploy.0 = Release|iPhone
		{113D26DC-0E8F-4C8D-93A0-D06D58FB8176}.Release|iPhoneSimulator.ActiveCfg = Release|iPhoneSimulator
		{113D26DC-0E8F-4C8D-93A0-D06D58FB8176}.Release|iPhoneSimulator.Build.0 = Release|iPhoneSimulator
		{113D26DC-0E8F-4C8D-93A0-D06D58FB8176}.Release|iPhoneSimulator.Deploy.0 = Release|iPhoneSimulator
		{CDB6C3F5-C187-451B-A433-66E06F22A84C}.Debug|Any CPU.ActiveCfg = Debug|Any CPU
		{CDB6C3F5-C187-451B-A433-66E06F22A84C}.Debug|Any CPU.Build.0 = Debug|Any CPU
		{CDB6C3F5-C187-451B-A433-66E06F22A84C}.Debug|Any CPU.Deploy.0 = Debug|Any CPU
		{CDB6C3F5-C187-451B-A433-66E06F22A84C}.Debug|iPhone.ActiveCfg = Debug|Any CPU
		{CDB6C3F5-C187-451B-A433-66E06F22A84C}.Debug|iPhone.Build.0 = Debug|Any CPU
		{CDB6C3F5-C187-451B-A433-66E06F22A84C}.Debug|iPhone.Deploy.0 = Debug|Any CPU
		{CDB6C3F5-C187-451B-A433-66E06F22A84C}.Debug|iPhoneSimulator.ActiveCfg = Debug|Any CPU
		{CDB6C3F5-C187-451B-A433-66E06F22A84C}.Debug|iPhoneSimulator.Build.0 = Debug|Any CPU
		{CDB6C3F5-C187-451B-A433-66E06F22A84C}.Debug|iPhoneSimulator.Deploy.0 = Debug|Any CPU
		{CDB6C3F5-C187-451B-A433-66E06F22A84C}.Release|Any CPU.ActiveCfg = Release|Any CPU
		{CDB6C3F5-C187-451B-A433-66E06F22A84C}.Release|Any CPU.Build.0 = Release|Any CPU
		{CDB6C3F5-C187-451B-A433-66E06F22A84C}.Release|Any CPU.Deploy.0 = Release|Any CPU
		{CDB6C3F5-C187-451B-A433-66E06F22A84C}.Release|iPhone.ActiveCfg = Release|Any CPU
		{CDB6C3F5-C187-451B-A433-66E06F22A84C}.Release|iPhone.Build.0 = Release|Any CPU
		{CDB6C3F5-C187-451B-A433-66E06F22A84C}.Release|iPhone.Deploy.0 = Release|Any CPU
		{CDB6C3F5-C187-451B-A433-66E06F22A84C}.Release|iPhoneSimulator.ActiveCfg = Release|Any CPU
		{CDB6C3F5-C187-451B-A433-66E06F22A84C}.Release|iPhoneSimulator.Build.0 = Release|Any CPU
		{CDB6C3F5-C187-451B-A433-66E06F22A84C}.Release|iPhoneSimulator.Deploy.0 = Release|Any CPU
	EndGlobalSection
	GlobalSection(SolutionProperties) = preSolution
		HideSolutionNode = FALSE
	EndGlobalSection
	GlobalSection(ExtensibilityGlobals) = postSolution
		SolutionGuid = {07BCC0AB-2440-40CD-8BD0-D7161CAF71D9}
	EndGlobalSection
EndGlobal
